{
  "name": "@aotw/lib-ng",
  "version": "0.0.1-beta.4",
  "lockfileVersion": 2,
  "requires": true,
  "packages": {
    "": {
      "name": "@aotw/lib-ng",
      "version": "0.0.1-beta.4",
      "dependencies": {
        "tslib": "^2.3.0"
      },
      "peerDependencies": {
        "@angular/cdk": "^16.2.0",
        "@angular/common": "^16.2.0",
        "@angular/core": "^16.2.0",
        "@aotw/components": "^0.0.1",
        "@aotw/core": "^0.0.1",
        "rxjs": "~7.8.0"
      }
    },
    "node_modules/tslib": {
      "version": "2.6.2",
      "resolved": "https://registry.npmjs.org/tslib/-/tslib-2.6.2.tgz",
      "integrity": "sha512-AEYxH93jGFPn/a2iVAwW87VuUIkR1FVUKB77NwMF7nBTDkDrrT/Hpt/IrCJ0QXhW27jTBDcf5ZY7w6RiqTMw2Q=="
    }
  },
  "dependencies": {
    "tslib": {
      "version": "2.6.2",
      "resolved": "https://registry.npmjs.org/tslib/-/tslib-2.6.2.tgz",
      "integrity": "sha512-AEYxH93jGFPn/a2iVAwW87VuUIkR1FVUKB77NwMF7nBTDkDrrT/Hpt/IrCJ0QXhW27jTBDcf5ZY7w6RiqTMw2Q=="
    }
  }
}
